
Microsoft Visual Studio Solution File, Format Version 12.00
# Visual Studio Version 17
VisualStudioVersion = 17.9.34728.123
MinimumVisualStudioVersion = 10.0.40219.1
Project("{FAE04EC0-301F-11D3-BF4B-00C04F79EFBC}") = "Temple-Gates-Extractor", "Temple-Gates-Extractor.csproj", "{43AB1178-BF34-42F7-A4AD-A03D131D49EB}"
EndProject
Global
	GlobalSection(SolutionConfigurationPlatforms) = preSolution
		Debug|Any CPU = Debug|Any CPU
		Release|Any CPU = Release|Any CPU
	EndGlobalSection
	GlobalSection(ProjectConfigurationPlatforms) = postSolution
		{43AB1178-BF34-42F7-A4AD-A03D131D49EB}.Debug|Any CPU.ActiveCfg = Debug|Any CPU
		{43AB1178-BF34-42F7-A4AD-A03D131D49EB}.Debug|Any CPU.Build.0 = Debug|Any CPU
		{43AB1178-BF34-42F7-A4AD-A03D131D49EB}.Release|Any CPU.ActiveCfg = Release|Any CPU
		{43AB1178-BF34-42F7-A4AD-A03D131D49EB}.Release|Any CPU.Build.0 = Release|Any CPU
	EndGlobalSection
	GlobalSection(SolutionProperties) = preSolution
		HideSolutionNode = FALSE
	EndGlobalSection
	GlobalSection(ExtensibilityGlobals) = postSolution
		SolutionGuid = {D97985F4-BE26-42D2-8F91-08234DC11D3F}
	EndGlobalSection
EndGlobal
